// !$*UTF8*$!
{
	archiveVersion = 1;
	classes = {
	};
	objectVersion = 50;
	objects = {

/* Begin PBXBuildFile section */
		146A670DF3D8E9C29C6CBA3D /* Pods_ParstagramTests.framework in Frameworks */ = {isa = PBXBuildFile; fileRef = 0F7746A9C991E03786C7453B /* Pods_ParstagramTests.framework */; };
		639CEE018651860ACD4357A3 /* Pods_ParstagramUITests.framework in Frameworks */ = {isa = PBXBuildFile; fileRef = 099C58BABDCF2E5BFB2DE4EC /* Pods_ParstagramUITests.framework */; };
		AD4A84CB221A0A63001DF1C5 /* AppDelegate.swift in Sources */ = {isa = PBXBuildFile; fileRef = AD4A84CA221A0A63001DF1C5 /* AppDelegate.swift */; };
		AD4A84D0221A0A63001DF1C5 /* Main.storyboard in Resources */ = {isa = PBXBuildFile; fileRef = AD4A84CE221A0A63001DF1C5 /* Main.storyboard */; };
		AD4A84D2221A0A6B001DF1C5 /* Assets.xcassets in Resources */ = {isa = PBXBuildFile; fileRef = AD4A84D1221A0A6B001DF1C5 /* Assets.xcassets */; };
		AD4A84D5221A0A6B001DF1C5 /* LaunchScreen.storyboard in Resources */ = {isa = PBXBuildFile; fileRef = AD4A84D3221A0A6B001DF1C5 /* LaunchScreen.storyboard */; };
		AD4A84E0221A0A6C001DF1C5 /* ParstagramTests.swift in Sources */ = {isa = PBXBuildFile; fileRef = AD4A84DF221A0A6C001DF1C5 /* ParstagramTests.swift */; };
		AD4A84EB221A0A6C001DF1C5 /* ParstagramUITests.swift in Sources */ = {isa = PBXBuildFile; fileRef = AD4A84EA221A0A6C001DF1C5 /* ParstagramUITests.swift */; };
		AD4A84F9221A312A001DF1C5 /* LoginViewController.swift in Sources */ = {isa = PBXBuildFile; fileRef = AD4A84F8221A312A001DF1C5 /* LoginViewController.swift */; };
		AD4A84FB221A31A0001DF1C5 /* FeedViewController.swift in Sources */ = {isa = PBXBuildFile; fileRef = AD4A84FA221A31A0001DF1C5 /* FeedViewController.swift */; };
		AD4A84FD221A5247001DF1C5 /* CameraViewController.swift in Sources */ = {isa = PBXBuildFile; fileRef = AD4A84FC221A5247001DF1C5 /* CameraViewController.swift */; };
		AD4A84FF221A7C21001DF1C5 /* PostCell.swift in Sources */ = {isa = PBXBuildFile; fileRef = AD4A84FE221A7C21001DF1C5 /* PostCell.swift */; };
		F525FA71318D5BAAE75A2315 /* Pods_Parstagram.framework in Frameworks */ = {isa = PBXBuildFile; fileRef = A9E8674ED8C3CA52758C43BE /* Pods_Parstagram.framework */; };
/* End PBXBuildFile section */

/* Begin PBXContainerItemProxy section */
		AD4A84DC221A0A6C001DF1C5 /* PBXContainerItemProxy */ = {
			isa = PBXContainerItemProxy;
			containerPortal = AD4A84BF221A0A63001DF1C5 /* Project object */;
			proxyType = 1;
			remoteGlobalIDString = AD4A84C6221A0A63001DF1C5;
			remoteInfo = Parstagram;
		};
		AD4A84E7221A0A6C001DF1C5 /* PBXContainerItemProxy */ = {
			isa = PBXContainerItemProxy;
			containerPortal = AD4A84BF221A0A63001DF1C5 /* Project object */;
			proxyType = 1;
			remoteGlobalIDString = AD4A84C6221A0A63001DF1C5;
			remoteInfo = Parstagram;
		};
/* End PBXContainerItemProxy section */

/* Begin PBXFileReference section */
		099C58BABDCF2E5BFB2DE4EC /* Pods_ParstagramUITests.framework */ = {isa = PBXFileReference; explicitFileType = wrapper.framework; includeInIndex = 0; path = Pods_ParstagramUITests.framework; sourceTree = BUILT_PRODUCTS_DIR; };
		0F7746A9C991E03786C7453B /* Pods_ParstagramTests.framework */ = {isa = PBXFileReference; explicitFileType = wrapper.framework; includeInIndex = 0; path = Pods_ParstagramTests.framework; sourceTree = BUILT_PRODUCTS_DIR; };
		0FCDA45DDB8C7FE89E5CF331 /* Pods-ParstagramTests.release.xcconfig */ = {isa = PBXFileReference; includeInIndex = 1; lastKnownFileType = text.xcconfig; name = "Pods-ParstagramTests.release.xcconfig"; path = "Pods/Target Support Files/Pods-ParstagramTests/Pods-ParstagramTests.release.xcconfig"; sourceTree = "<group>"; };
		2A90270A477B53DCE4523DA3 /* Pods-ParstagramUITests.release.xcconfig */ = {isa = PBXFileReference; includeInIndex = 1; lastKnownFileType = text.xcconfig; name = "Pods-ParstagramUITests.release.xcconfig"; path = "Pods/Target Support Files/Pods-ParstagramUITests/Pods-ParstagramUITests.release.xcconfig"; sourceTree = "<group>"; };
		37CA56D24452230CD16CCCF4 /* Pods-Parstagram.debug.xcconfig */ = {isa = PBXFileReference; includeInIndex = 1; lastKnownFileType = text.xcconfig; name = "Pods-Parstagram.debug.xcconfig"; path = "Pods/Target Support Files/Pods-Parstagram/Pods-Parstagram.debug.xcconfig"; sourceTree = "<group>"; };
		44C17E2A7EF07D26DD4148CA /* Pods-Parstagram.release.xcconfig */ = {isa = PBXFileReference; includeInIndex = 1; lastKnownFileType = text.xcconfig; name = "Pods-Parstagram.release.xcconfig"; path = "Pods/Target Support Files/Pods-Parstagram/Pods-Parstagram.release.xcconfig"; sourceTree = "<group>"; };
		781EB35247C348972A49E369 /* Pods-ParstagramUITests.debug.xcconfig */ = {isa = PBXFileReference; includeInIndex = 1; lastKnownFileType = text.xcconfig; name = "Pods-ParstagramUITests.debug.xcconfig"; path = "Pods/Target Support Files/Pods-ParstagramUITests/Pods-ParstagramUITests.debug.xcconfig"; sourceTree = "<group>"; };
		A9E8674ED8C3CA52758C43BE /* Pods_Parstagram.framework */ = {isa = PBXFileReference; explicitFileType = wrapper.framework; includeInIndex = 0; path = Pods_Parstagram.framework; sourceTree = BUILT_PRODUCTS_DIR; };
		AD4A84C7221A0A63001DF1C5 /* Parstagram.app */ = {isa = PBXFileReference; explicitFileType = wrapper.application; includeInIndex = 0; path = Parstagram.app; sourceTree = BUILT_PRODUCTS_DIR; };
		AD4A84CA221A0A63001DF1C5 /* AppDelegate.swift */ = {isa = PBXFileReference; lastKnownFileType = sourcecode.swift; path = AppDelegate.swift; sourceTree = "<group>"; };
		AD4A84CF221A0A63001DF1C5 /* Base */ = {isa = PBXFileReference; lastKnownFileType = file.storyboard; name = Base; path = Base.lproj/Main.storyboard; sourceTree = "<group>"; };
		AD4A84D1221A0A6B001DF1C5 /* Assets.xcassets */ = {isa = PBXFileReference; lastKnownFileType = folder.assetcatalog; path = Assets.xcassets; sourceTree = "<group>"; };
		AD4A84D4221A0A6B001DF1C5 /* Base */ = {isa = PBXFileReference; lastKnownFileType = file.storyboard; name = Base; path = Base.lproj/LaunchScreen.storyboard; sourceTree = "<group>"; };
		AD4A84D6221A0A6B001DF1C5 /* Info.plist */ = {isa = PBXFileReference; lastKnownFileType = text.plist.xml; path = Info.plist; sourceTree = "<group>"; };
		AD4A84DB221A0A6C001DF1C5 /* ParstagramTests.xctest */ = {isa = PBXFileReference; explicitFileType = wrapper.cfbundle; includeInIndex = 0; path = ParstagramTests.xctest; sourceTree = BUILT_PRODUCTS_DIR; };
		AD4A84DF221A0A6C001DF1C5 /* ParstagramTests.swift */ = {isa = PBXFileReference; lastKnownFileType = sourcecode.swift; path = ParstagramTests.swift; sourceTree = "<group>"; };
		AD4A84E1221A0A6C001DF1C5 /* Info.plist */ = {isa = PBXFileReference; lastKnownFileType = text.plist.xml; path = Info.plist; sourceTree = "<group>"; };
		AD4A84E6221A0A6C001DF1C5 /* ParstagramUITests.xctest */ = {isa = PBXFileReference; explicitFileType = wrapper.cfbundle; includeInIndex = 0; path = ParstagramUITests.xctest; sourceTree = BUILT_PRODUCTS_DIR; };
		AD4A84EA221A0A6C001DF1C5 /* ParstagramUITests.swift */ = {isa = PBXFileReference; lastKnownFileType = sourcecode.swift; path = ParstagramUITests.swift; sourceTree = "<group>"; };
		AD4A84EC221A0A6C001DF1C5 /* Info.plist */ = {isa = PBXFileReference; lastKnownFileType = text.plist.xml; path = Info.plist; sourceTree = "<group>"; };
		AD4A84F8221A312A001DF1C5 /* LoginViewController.swift */ = {isa = PBXFileReference; lastKnownFileType = sourcecode.swift; path = LoginViewController.swift; sourceTree = "<group>"; };
		AD4A84FA221A31A0001DF1C5 /* FeedViewController.swift */ = {isa = PBXFileReference; lastKnownFileType = sourcecode.swift; path = FeedViewController.swift; sourceTree = "<group>"; };
		AD4A84FC221A5247001DF1C5 /* CameraViewController.swift */ = {isa = PBXFileReference; lastKnownFileType = sourcecode.swift; path = CameraViewController.swift; sourceTree = "<group>"; };
		AD4A84FE221A7C21001DF1C5 /* PostCell.swift */ = {isa = PBXFileReference; lastKnownFileType = sourcecode.swift; path = PostCell.swift; sourceTree = "<group>"; };
		D94CFFCF98B081249FEAB10F /* Pods-ParstagramTests.debug.xcconfig */ = {isa = PBXFileReference; includeInIndex = 1; lastKnownFileType = text.xcconfig; name = "Pods-ParstagramTests.debug.xcconfig"; path = "Pods/Target Support Files/Pods-ParstagramTests/Pods-ParstagramTests.debug.xcconfig"; sourceTree = "<group>"; };
/* End PBXFileReference section */

/* Begin PBXFrameworksBuildPhase section */
		AD4A84C4221A0A63001DF1C5 /* Frameworks */ = {
			isa = PBXFrameworksBuildPhase;
			buildActionMask = 2147483647;
			files = (
				F525FA71318D5BAAE75A2315 /* Pods_Parstagram.framework in Frameworks */,
			);
			runOnlyForDeploymentPostprocessing = 0;
		};
		AD4A84D8221A0A6C001DF1C5 /* Frameworks */ = {
			isa = PBXFrameworksBuildPhase;
			buildActionMask = 2147483647;
			files = (
				146A670DF3D8E9C29C6CBA3D /* Pods_ParstagramTests.framework in Frameworks */,
			);
			runOnlyForDeploymentPostprocessing = 0;
		};
		AD4A84E3221A0A6C001DF1C5 /* Frameworks */ = {
			isa = PBXFrameworksBuildPhase;
			buildActionMask = 2147483647;
			files = (
				639CEE018651860ACD4357A3 /* Pods_ParstagramUITests.framework in Frameworks */,
			);
			runOnlyForDeploymentPostprocessing = 0;
		};
/* End PBXFrameworksBuildPhase section */

/* Begin PBXGroup section */
		232DF89C11451291DF584104 /* Pods */ = {
			isa = PBXGroup;
			children = (
				37CA56D24452230CD16CCCF4 /* Pods-Parstagram.debug.xcconfig */,
				44C17E2A7EF07D26DD4148CA /* Pods-Parstagram.release.xcconfig */,
				D94CFFCF98B081249FEAB10F /* Pods-ParstagramTests.debug.xcconfig */,
				0FCDA45DDB8C7FE89E5CF331 /* Pods-ParstagramTests.release.xcconfig */,
				781EB35247C348972A49E369 /* Pods-ParstagramUITests.debug.xcconfig */,
				2A90270A477B53DCE4523DA3 /* Pods-ParstagramUITests.release.xcconfig */,
			);
			name = Pods;
			sourceTree = "<group>";
		};
		AD4A84BE221A0A63001DF1C5 = {
			isa = PBXGroup;
			children = (
				AD4A84C9221A0A63001DF1C5 /* Parstagram */,
				AD4A84DE221A0A6C001DF1C5 /* ParstagramTests */,
				AD4A84E9221A0A6C001DF1C5 /* ParstagramUITests */,
				AD4A84C8221A0A63001DF1C5 /* Products */,
				232DF89C11451291DF584104 /* Pods */,
				F708B0398B564AF212319B27 /* Frameworks */,
			);
			sourceTree = "<group>";
		};
		AD4A84C8221A0A63001DF1C5 /* Products */ = {
			isa = PBXGroup;
			children = (
				AD4A84C7221A0A63001DF1C5 /* Parstagram.app */,
				AD4A84DB221A0A6C001DF1C5 /* ParstagramTests.xctest */,
				AD4A84E6221A0A6C001DF1C5 /* ParstagramUITests.xctest */,
			);
			name = Products;
			sourceTree = "<group>";
		};
		AD4A84C9221A0A63001DF1C5 /* Parstagram */ = {
			isa = PBXGroup;
			children = (
				AD4A84CA221A0A63001DF1C5 /* AppDelegate.swift */,
				AD4A84CE221A0A63001DF1C5 /* Main.storyboard */,
				AD4A84D1221A0A6B001DF1C5 /* Assets.xcassets */,
				AD4A84D3221A0A6B001DF1C5 /* LaunchScreen.storyboard */,
				AD4A84D6221A0A6B001DF1C5 /* Info.plist */,
				AD4A84F8221A312A001DF1C5 /* LoginViewController.swift */,
				AD4A84FA221A31A0001DF1C5 /* FeedViewController.swift */,
				AD4A84FC221A5247001DF1C5 /* CameraViewController.swift */,
				AD4A84FE221A7C21001DF1C5 /* PostCell.swift */,
			);
			path = Parstagram;
			sourceTree = "<group>";
		};
		AD4A84DE221A0A6C001DF1C5 /* ParstagramTests */ = {
			isa = PBXGroup;
			children = (
				AD4A84DF221A0A6C001DF1C5 /* ParstagramTests.swift */,
				AD4A84E1221A0A6C001DF1C5 /* Info.plist */,
			);
			path = ParstagramTests;
			sourceTree = "<group>";
		};
		AD4A84E9221A0A6C001DF1C5 /* ParstagramUITests */ = {
			isa = PBXGroup;
			children = (
				AD4A84EA221A0A6C001DF1C5 /* ParstagramUITests.swift */,
				AD4A84EC221A0A6C001DF1C5 /* Info.plist */,
			);
			path = ParstagramUITests;
			sourceTree = "<group>";
		};
		F708B0398B564AF212319B27 /* Frameworks */ = {
			isa = PBXGroup;
			children = (
				A9E8674ED8C3CA52758C43BE /* Pods_Parstagram.framework */,
				0F7746A9C991E03786C7453B /* Pods_ParstagramTests.framework */,
				099C58BABDCF2E5BFB2DE4EC /* Pods_ParstagramUITests.framework */,
			);
			name = Frameworks;
			sourceTree = "<group>";
		};
/* End PBXGroup section */

/* Begin PBXNativeTarget section */
		AD4A84C6221A0A63001DF1C5 /* Parstagram */ = {
			isa = PBXNativeTarget;
			buildConfigurationList = AD4A84EF221A0A6C001DF1C5 /* Build configuration list for PBXNativeTarget "Parstagram" */;
			buildPhases = (
				CA8CCA3C4566AE70D020DE96 /* [CP] Check Pods Manifest.lock */,
				AD4A84C3221A0A63001DF1C5 /* Sources */,
				AD4A84C4221A0A63001DF1C5 /* Frameworks */,
				AD4A84C5221A0A63001DF1C5 /* Resources */,
				ACF21509440314B724CBA7AD /* [CP] Embed Pods Frameworks */,
			);
			buildRules = (
			);
			dependencies = (
			);
			name = Parstagram;
			productName = Parstagram;
			productReference = AD4A84C7221A0A63001DF1C5 /* Parstagram.app */;
			productType = "com.apple.product-type.application";
		};
		AD4A84DA221A0A6C001DF1C5 /* ParstagramTests */ = {
			isa = PBXNativeTarget;
			buildConfigurationList = AD4A84F2221A0A6C001DF1C5 /* Build configuration list for PBXNativeTarget "ParstagramTests" */;
			buildPhases = (
				4958278DDA168E9DA5EDF5DA /* [CP] Check Pods Manifest.lock */,
				AD4A84D7221A0A6C001DF1C5 /* Sources */,
				AD4A84D8221A0A6C001DF1C5 /* Frameworks */,
				AD4A84D9221A0A6C001DF1C5 /* Resources */,
			);
			buildRules = (
			);
			dependencies = (
				AD4A84DD221A0A6C001DF1C5 /* PBXTargetDependency */,
			);
			name = ParstagramTests;
			productName = ParstagramTests;
			productReference = AD4A84DB221A0A6C001DF1C5 /* ParstagramTests.xctest */;
			productType = "com.apple.product-type.bundle.unit-test";
		};
		AD4A84E5221A0A6C001DF1C5 /* ParstagramUITests */ = {
			isa = PBXNativeTarget;
			buildConfigurationList = AD4A84F5221A0A6C001DF1C5 /* Build configuration list for PBXNativeTarget "ParstagramUITests" */;
			buildPhases = (
				BECD804EB62B42C0AE10234B /* [CP] Check Pods Manifest.lock */,
				AD4A84E2221A0A6C001DF1C5 /* Sources */,
				AD4A84E3221A0A6C001DF1C5 /* Frameworks */,
				AD4A84E4221A0A6C001DF1C5 /* Resources */,
			);
			buildRules = (
			);
			dependencies = (
				AD4A84E8221A0A6C001DF1C5 /* PBXTargetDependency */,
			);
			name = ParstagramUITests;
			productName = ParstagramUITests;
			productReference = AD4A84E6221A0A6C001DF1C5 /* ParstagramUITests.xctest */;
			productType = "com.apple.product-type.bundle.ui-testing";
		};
/* End PBXNativeTarget section */

/* Begin PBXProject section */
		AD4A84BF221A0A63001DF1C5 /* Project object */ = {
			isa = PBXProject;
			attributes = {
				LastSwiftUpdateCheck = 1010;
				LastUpgradeCheck = 1010;
				ORGANIZATIONNAME = "Hermain Hanif";
				TargetAttributes = {
					AD4A84C6221A0A63001DF1C5 = {
						CreatedOnToolsVersion = 10.1;
					};
					AD4A84DA221A0A6C001DF1C5 = {
						CreatedOnToolsVersion = 10.1;
						TestTargetID = AD4A84C6221A0A63001DF1C5;
					};
					AD4A84E5221A0A6C001DF1C5 = {
						CreatedOnToolsVersion = 10.1;
						TestTargetID = AD4A84C6221A0A63001DF1C5;
					};
				};
			};
			buildConfigurationList = AD4A84C2221A0A63001DF1C5 /* Build configuration list for PBXProject "Parstagram" */;
			compatibilityVersion = "Xcode 9.3";
			developmentRegion = en;
			hasScannedForEncodings = 0;
			knownRegions = (
				en,
				Base,
			);
			mainGroup = AD4A84BE221A0A63001DF1C5;
			productRefGroup = AD4A84C8221A0A63001DF1C5 /* Products */;
			projectDirPath = "";
			projectRoot = "";
			targets = (
				AD4A84C6221A0A63001DF1C5 /* Parstagram */,
				AD4A84DA221A0A6C001DF1C5 /* ParstagramTests */,
				AD4A84E5221A0A6C001DF1C5 /* ParstagramUITests */,
			);
		};
/* End PBXProject section */

/* Begin PBXResourcesBuildPhase section */
		AD4A84C5221A0A63001DF1C5 /* Resources */ = {
			isa = PBXResourcesBuildPhase;
			buildActionMask = 2147483647;
			files = (
				AD4A84D5221A0A6B001DF1C5 /* LaunchScreen.storyboard in Resources */,
				AD4A84D2221A0A6B001DF1C5 /* Assets.xcassets in Resources */,
				AD4A84D0221A0A63001DF1C5 /* Main.storyboard in Resources */,
			);
			runOnlyForDeploymentPostprocessing = 0;
		};
		AD4A84D9221A0A6C001DF1C5 /* Resources */ = {
			isa = PBXResourcesBuildPhase;
			buildActionMask = 2147483647;
			files = (
			);
			runOnlyForDeploymentPostprocessing = 0;
		};
		AD4A84E4221A0A6C001DF1C5 /* Resources */ = {
			isa = PBXResourcesBuildPhase;
			buildActionMask = 2147483647;
			files = (
			);
			runOnlyForDeploymentPostprocessing = 0;
		};
/* End PBXResourcesBuildPhase section */

/* Begin PBXShellScriptBuildPhase section */
		4958278DDA168E9DA5EDF5DA /* [CP] Check Pods Manifest.lock */ = {
			isa = PBXShellScriptBuildPhase;
			buildActionMask = 2147483647;
			files = (
			);
			inputFileListPaths = (
			);
			inputPaths = (
				"${PODS_PODFILE_DIR_PATH}/Podfile.lock",
				"${PODS_ROOT}/Manifest.lock",
			);
			name = "[CP] Check Pods Manifest.lock";
			outputFileListPaths = (
			);
			outputPaths = (
				"$(DERIVED_FILE_DIR)/Pods-ParstagramTests-checkManifestLockResult.txt",
			);
			runOnlyForDeploymentPostprocessing = 0;
			shellPath = /bin/sh;
			shellScript = "diff \"${PODS_PODFILE_DIR_PATH}/Podfile.lock\" \"${PODS_ROOT}/Manifest.lock\" > /dev/null\nif [ $? != 0 ] ; then\n    # print error to STDERR\n    echo \"error: The sandbox is not in sync with the Podfile.lock. Run 'pod install' or update your CocoaPods installation.\" >&2\n    exit 1\nfi\n# This output is used by Xcode 'outputs' to avoid re-running this script phase.\necho \"SUCCESS\" > \"${SCRIPT_OUTPUT_FILE_0}\"\n";
			showEnvVarsInLog = 0;
		};
		ACF21509440314B724CBA7AD /* [CP] Embed Pods Frameworks */ = {
			isa = PBXShellScriptBuildPhase;
			buildActionMask = 2147483647;
			files = (
			);
			inputFileListPaths = (
			);
			inputPaths = (
				"${SRCROOT}/Pods/Target Support Files/Pods-Parstagram/Pods-Parstagram-frameworks.sh",
				"${BUILT_PRODUCTS_DIR}/Alamofire/Alamofire.framework",
				"${BUILT_PRODUCTS_DIR}/AlamofireImage/AlamofireImage.framework",
				"${BUILT_PRODUCTS_DIR}/Bolts/Bolts.framework",
				"${BUILT_PRODUCTS_DIR}/Parse/Parse.framework",
			);
			name = "[CP] Embed Pods Frameworks";
			outputFileListPaths = (
			);
			outputPaths = (
				"${TARGET_BUILD_DIR}/${FRAMEWORKS_FOLDER_PATH}/Alamofire.framework",
				"${TARGET_BUILD_DIR}/${FRAMEWORKS_FOLDER_PATH}/AlamofireImage.framework",
				"${TARGET_BUILD_DIR}/${FRAMEWORKS_FOLDER_PATH}/Bolts.framework",
				"${TARGET_BUILD_DIR}/${FRAMEWORKS_FOLDER_PATH}/Parse.framework",
			);
			runOnlyForDeploymentPostprocessing = 0;
			shellPath = /bin/sh;
			shellScript = "\"${SRCROOT}/Pods/Target Support Files/Pods-Parstagram/Pods-Parstagram-frameworks.sh\"\n";
			showEnvVarsInLog = 0;
		};
		BECD804EB62B42C0AE10234B /* [CP] Check Pods Manifest.lock */ = {
			isa = PBXShellScriptBuildPhase;
			buildActionMask = 2147483647;
			files = (
			);
			inputFileListPaths = (
			);
			inputPaths = (
				"${PODS_PODFILE_DIR_PATH}/Podfile.lock",
				"${PODS_ROOT}/Manifest.lock",
			);
			name = "[CP] Check Pods Manifest.lock";
			outputFileListPaths = (
			);
			outputPaths = (
				"$(DERIVED_FILE_DIR)/Pods-ParstagramUITests-checkManifestLockResult.txt",
			);
			runOnlyForDeploymentPostprocessing = 0;
			shellPath = /bin/sh;
			shellScript = "diff \"${PODS_PODFILE_DIR_PATH}/Podfile.lock\" \"${PODS_ROOT}/Manifest.lock\" > /dev/null\nif [ $? != 0 ] ; then\n    # print error to STDERR\n    echo \"error: The sandbox is not in sync with the Podfile.lock. Run 'pod install' or update your CocoaPods installation.\" >&2\n    exit 1\nfi\n# This output is used by Xcode 'outputs' to avoid re-running this script phase.\necho \"SUCCESS\" > \"${SCRIPT_OUTPUT_FILE_0}\"\n";
			showEnvVarsInLog = 0;
		};
		CA8CCA3C4566AE70D020DE96 /* [CP] Check Pods Manifest.lock */ = {
			isa = PBXShellScriptBuildPhase;
			buildActionMask = 2147483647;
			files = (
			);
			inputFileListPaths = (
			);
			inputPaths = (
				"${PODS_PODFILE_DIR_PATH}/Podfile.lock",
				"${PODS_ROOT}/Manifest.lock",
			);
			name = "[CP] Check Pods Manifest.lock";
			outputFileListPaths = (
			);
			outputPaths = (
				"$(DERIVED_FILE_DIR)/Pods-Parstagram-checkManifestLockResult.txt",
			);
			runOnlyForDeploymentPostprocessing = 0;
			shellPath = /bin/sh;
			shellScript = "diff \"${PODS_PODFILE_DIR_PATH}/Podfile.lock\" \"${PODS_ROOT}/Manifest.lock\" > /dev/null\nif [ $? != 0 ] ; then\n    # print error to STDERR\n    echo \"error: The sandbox is not in sync with the Podfile.lock. Run 'pod install' or update your CocoaPods installation.\" >&2\n    exit 1\nfi\n# This output is used by Xcode 'outputs' to avoid re-running this script phase.\necho \"SUCCESS\" > \"${SCRIPT_OUTPUT_FILE_0}\"\n";
			showEnvVarsInLog = 0;
		};
/* End PBXShellScriptBuildPhase section */

/* Begin PBXSourcesBuildPhase section */
		AD4A84C3221A0A63001DF1C5 /* Sources */ = {
			isa = PBXSourcesBuildPhase;
			buildActionMask = 2147483647;
			files = (
				AD4A84F9221A312A001DF1C5 /* LoginViewController.swift in Sources */,
				AD4A84FD221A5247001DF1C5 /* CameraViewController.swift in Sources */,
				AD4A84FB221A31A0001DF1C5 /* FeedViewController.swift in Sources */,
				AD4A84CB221A0A63001DF1C5 /* AppDelegate.swift in Sources */,
				AD4A84FF221A7C21001DF1C5 /* PostCell.swift in Sources */,
			);
			runOnlyForDeploymentPostprocessing = 0;
		};
		AD4A84D7221A0A6C001DF1C5 /* Sources */ = {
			isa = PBXSourcesBuildPhase;
			buildActionMask = 2147483647;
			files = (
				AD4A84E0221A0A6C001DF1C5 /* ParstagramTests.swift in Sources */,
			);
			runOnlyForDeploymentPostprocessing = 0;
		};
		AD4A84E2221A0A6C001DF1C5 /* Sources */ = {
			isa = PBXSourcesBuildPhase;
			buildActionMask = 2147483647;
			files = (
				AD4A84EB221A0A6C001DF1C5 /* ParstagramUITests.swift in Sources */,
			);
			runOnlyForDeploymentPostprocessing = 0;
		};
/* End PBXSourcesBuildPhase section */

/* Begin PBXTargetDependency section */
		AD4A84DD221A0A6C001DF1C5 /* PBXTargetDependency */ = {
			isa = PBXTargetDependency;
			target = AD4A84C6221A0A63001DF1C5 /* Parstagram */;
			targetProxy = AD4A84DC221A0A6C001DF1C5 /* PBXContainerItemProxy */;
		};
		AD4A84E8221A0A6C001DF1C5 /* PBXTargetDependency */ = {
			isa = PBXTargetDependency;
			target = AD4A84C6221A0A63001DF1C5 /* Parstagram */;
			targetProxy = AD4A84E7221A0A6C001DF1C5 /* PBXContainerItemProxy */;
		};
/* End PBXTargetDependency section */

/* Begin PBXVariantGroup section */
		AD4A84CE221A0A63001DF1C5 /* Main.storyboard */ = {
			isa = PBXVariantGroup;
			children = (
				AD4A84CF221A0A63001DF1C5 /* Base */,
			);
			name = Main.storyboard;
			sourceTree = "<group>";
		};
		AD4A84D3221A0A6B001DF1C5 /* LaunchScreen.storyboard */ = {
			isa = PBXVariantGroup;
			children = (
				AD4A84D4221A0A6B001DF1C5 /* Base */,
			);
			name = LaunchScreen.storyboard;
			sourceTree = "<group>";
		};
/* End PBXVariantGroup section */

/* Begin XCBuildConfiguration section */
		AD4A84ED221A0A6C001DF1C5 /* Debug */ = {
			isa = XCBuildConfiguration;
			buildSettings = {
				ALWAYS_SEARCH_USER_PATHS = NO;
				CLANG_ANALYZER_NONNULL = YES;
				CLANG_ANALYZER_NUMBER_OBJECT_CONVERSION = YES_AGGRESSIVE;
				CLANG_CXX_LANGUAGE_STANDARD = "gnu++14";
				CLANG_CXX_LIBRARY = "libc++";
				CLANG_ENABLE_MODULES = YES;
				CLANG_ENABLE_OBJC_ARC = YES;
				CLANG_ENABLE_OBJC_WEAK = YES;
				CLANG_WARN_BLOCK_CAPTURE_AUTORELEASING = YES;
				CLANG_WARN_BOOL_CONVERSION = YES;
				CLANG_WARN_COMMA = YES;
				CLANG_WARN_CONSTANT_CONVERSION = YES;
				CLANG_WARN_DEPRECATED_OBJC_IMPLEMENTATIONS = YES;
				CLANG_WARN_DIRECT_OBJC_ISA_USAGE = YES_ERROR;
				CLANG_WARN_DOCUMENTATION_COMMENTS = YES;
				CLANG_WARN_EMPTY_BODY = YES;
				CLANG_WARN_ENUM_CONVERSION = YES;
				CLANG_WARN_INFINITE_RECURSION = YES;
				CLANG_WARN_INT_CONVERSION = YES;
				CLANG_WARN_NON_LITERAL_NULL_CONVERSION = YES;
				CLANG_WARN_OBJC_IMPLICIT_RETAIN_SELF = YES;
				CLANG_WARN_OBJC_LITERAL_CONVERSION = YES;
				CLANG_WARN_OBJC_ROOT_CLASS = YES_ERROR;
				CLANG_WARN_RANGE_LOOP_ANALYSIS = YES;
				CLANG_WARN_STRICT_PROTOTYPES = YES;
				CLANG_WARN_SUSPICIOUS_MOVE = YES;
				CLANG_WARN_UNGUARDED_AVAILABILITY = YES_AGGRESSIVE;
				CLANG_WARN_UNREACHABLE_CODE = YES;
				CLANG_WARN__DUPLICATE_METHOD_MATCH = YES;
				CODE_SIGN_IDENTITY = "iPhone Developer";
				COPY_PHASE_STRIP = NO;
				DEBUG_INFORMATION_FORMAT = dwarf;
				ENABLE_STRICT_OBJC_MSGSEND = YES;
				ENABLE_TESTABILITY = YES;
				GCC_C_LANGUAGE_STANDARD = gnu11;
				GCC_DYNAMIC_NO_PIC = NO;
				GCC_NO_COMMON_BLOCKS = YES;
				GCC_OPTIMIZATION_LEVEL = 0;
				GCC_PREPROCESSOR_DEFINITIONS = (
					"DEBUG=1",
					"$(inherited)",
				);
				GCC_WARN_64_TO_32_BIT_CONVERSION = YES;
				GCC_WARN_ABOUT_RETURN_TYPE = YES_ERROR;
				GCC_WARN_UNDECLARED_SELECTOR = YES;
				GCC_WARN_UNINITIALIZED_AUTOS = YES_AGGRESSIVE;
				GCC_WARN_UNUSED_FUNCTION = YES;
				GCC_WARN_UNUSED_VARIABLE = YES;
				IPHONEOS_DEPLOYMENT_TARGET = 12.1;
				MTL_ENABLE_DEBUG_INFO = INCLUDE_SOURCE;
				MTL_FAST_MATH = YES;
				ONLY_ACTIVE_ARCH = YES;
				SDKROOT = iphoneos;
				SWIFT_ACTIVE_COMPILATION_CONDITIONS = DEBUG;
				SWIFT_OPTIMIZATION_LEVEL = "-Onone";
			};
			name = Debug;
		};
		AD4A84EE221A0A6C001DF1C5 /* Release */ = {
			isa = XCBuildConfiguration;
			buildSettings = {
				ALWAYS_SEARCH_USER_PATHS = NO;
				CLANG_ANALYZER_NONNULL = YES;
				CLANG_ANALYZER_NUMBER_OBJECT_CONVERSION = YES_AGGRESSIVE;
				CLANG_CXX_LANGUAGE_STANDARD = "gnu++14";
				CLANG_CXX_LIBRARY = "libc++";
				CLANG_ENABLE_MODULES = YES;
				CLANG_ENABLE_OBJC_ARC = YES;
				CLANG_ENABLE_OBJC_WEAK = YES;
				CLANG_WARN_BLOCK_CAPTURE_AUTORELEASING = YES;
				CLANG_WARN_BOOL_CONVERSION = YES;
				CLANG_WARN_COMMA = YES;
				CLANG_WARN_CONSTANT_CONVERSION = YES;
				CLANG_WARN_DEPRECATED_OBJC_IMPLEMENTATIONS = YES;
				CLANG_WARN_DIRECT_OBJC_ISA_USAGE = YES_ERROR;
				CLANG_WARN_DOCUMENTATION_COMMENTS = YES;
				CLANG_WARN_EMPTY_BODY = YES;
				CLANG_WARN_ENUM_CONVERSION = YES;
				CLANG_WARN_INFINITE_RECURSION = YES;
				CLANG_WARN_INT_CONVERSION = YES;
				CLANG_WARN_NON_LITERAL_NULL_CONVERSION = YES;
				CLANG_WARN_OBJC_IMPLICIT_RETAIN_SELF = YES;
				CLANG_WARN_OBJC_LITERAL_CONVERSION = YES;
				CLANG_WARN_OBJC_ROOT_CLASS = YES_ERROR;
				CLANG_WARN_RANGE_LOOP_ANALYSIS = YES;
				CLANG_WARN_STRICT_PROTOTYPES = YES;
				CLANG_WARN_SUSPICIOUS_MOVE = YES;
				CLANG_WARN_UNGUARDED_AVAILABILITY = YES_AGGRESSIVE;
				CLANG_WARN_UNREACHABLE_CODE = YES;
				CLANG_WARN__DUPLICATE_METHOD_MATCH = YES;
				CODE_SIGN_IDENTITY = "iPhone Developer";
				COPY_PHASE_STRIP = NO;
				DEBUG_INFORMATION_FORMAT = "dwarf-with-dsym";
				ENABLE_NS_ASSERTIONS = NO;
				ENABLE_STRICT_OBJC_MSGSEND = YES;
				GCC_C_LANGUAGE_STANDARD = gnu11;
				GCC_NO_COMMON_BLOCKS = YES;
				GCC_WARN_64_TO_32_BIT_CONVERSION = YES;
				GCC_WARN_ABOUT_RETURN_TYPE = YES_ERROR;
				GCC_WARN_UNDECLARED_SELECTOR = YES;
				GCC_WARN_UNINITIALIZED_AUTOS = YES_AGGRESSIVE;
				GCC_WARN_UNUSED_FUNCTION = YES;
				GCC_WARN_UNUSED_VARIABLE = YES;
				IPHONEOS_DEPLOYMENT_TARGET = 12.1;
				MTL_ENABLE_DEBUG_INFO = NO;
				MTL_FAST_MATH = YES;
				SDKROOT = iphoneos;
				SWIFT_COMPILATION_MODE = wholemodule;
				SWIFT_OPTIMIZATION_LEVEL = "-O";
				VALIDATE_PRODUCT = YES;
			};
			name = Release;
		};
		AD4A84F0221A0A6C001DF1C5 /* Debug */ = {
			isa = XCBuildConfiguration;
			baseConfigurationReference = 37CA56D24452230CD16CCCF4 /* Pods-Parstagram.debug.xcconfig */;
			buildSettings = {
				ASSETCATALOG_COMPILER_APPICON_NAME = AppIcon;
				CODE_SIGN_STYLE = Automatic;
				INFOPLIST_FILE = Parstagram/Info.plist;
				LD_RUNPATH_SEARCH_PATHS = (
					"$(inherited)",
					"@executable_path/Frameworks",
				);
				PRODUCT_BUNDLE_IDENTIFIER = "humerahanif9-gmail.com.Parstagram";
				PRODUCT_NAME = "$(TARGET_NAME)";
				SWIFT_VERSION = 4.2;
				TARGETED_DEVICE_FAMILY = "1,2";
			};
			name = Debug;
		};
		AD4A84F1221A0A6C001DF1C5 /* Release */ = {
			isa = XCBuildConfiguration;
			baseConfigurationReference = 44C17E2A7EF07D26DD4148CA /* Pods-Parstagram.release.xcconfig */;
			buildSettings = {
				ASSETCATALOG_COMPILER_APPICON_NAME = AppIcon;
				CODE_SIGN_STYLE = Automatic;
				INFOPLIST_FILE = Parstagram/Info.plist;
				LD_RUNPATH_SEARCH_PATHS = (
					"$(inherited)",
					"@executable_path/Frameworks",
				);
				PRODUCT_BUNDLE_IDENTIFIER = "humerahanif9-gmail.com.Parstagram";
				PRODUCT_NAME = "$(TARGET_NAME)";
				SWIFT_VERSION = 4.2;
				TARGETED_DEVICE_FAMILY = "1,2";
			};
			name = Release;
		};
		AD4A84F3221A0A6C001DF1C5 /* Debug */ = {
			isa = XCBuildConfiguration;
			baseConfigurationReference = D94CFFCF98B081249FEAB10F /* Pods-ParstagramTests.debug.xcconfig */;
			buildSettings = {
				ALWAYS_EMBED_SWIFT_STANDARD_LIBRARIES = YES;
				BUNDLE_LOADER = "$(TEST_HOST)";
				CODE_SIGN_STYLE = Automatic;
				INFOPLIST_FILE = ParstagramTests/Info.plist;
				LD_RUNPATH_SEARCH_PATHS = (
					"$(inherited)",
					"@executable_path/Frameworks",
					"@loader_path/Frameworks",
				);
				PRODUCT_BUNDLE_IDENTIFIER = "humerahanif9-gmail.com.ParstagramTests";
				PRODUCT_NAME = "$(TARGET_NAME)";
				SWIFT_VERSION = 4.2;
				TARGETED_DEVICE_FAMILY = "1,2";
				TEST_HOST = "$(BUILT_PRODUCTS_DIR)/Parstagram.app/Parstagram";
			};
			name = Debug;
		};
		AD4A84F4221A0A6C001DF1C5 /* Release */ = {
			isa = XCBuildConfiguration;
			baseConfigurationReference = 0FCDA45DDB8C7FE89E5CF331 /* Pods-ParstagramTests.release.xcconfig */;
			buildSettings = {
				ALWAYS_EMBED_SWIFT_STANDARD_LIBRARIES = YES;
				BUNDLE_LOADER = "$(TEST_HOST)";
				CODE_SIGN_STYLE = Automatic;
				INFOPLIST_FILE = ParstagramTests/Info.plist;
				LD_RUNPATH_SEARCH_PATHS = (
					"$(inherited)",
					"@executable_path/Frameworks",
					"@loader_path/Frameworks",
				);
				PRODUCT_BUNDLE_IDENTIFIER = "humerahanif9-gmail.com.ParstagramTests";
				PRODUCT_NAME = "$(TARGET_NAME)";
				SWIFT_VERSION = 4.2;
				TARGETED_DEVICE_FAMILY = "1,2";
				TEST_HOST = "$(BUILT_PRODUCTS_DIR)/Parstagram.app/Parstagram";
			};
			name = Release;
		};
		AD4A84F6221A0A6C001DF1C5 /* Debug */ = {
			isa = XCBuildConfiguration;
			baseConfigurationReference = 781EB35247C348972A49E369 /* Pods-ParstagramUITests.debug.xcconfig */;
			buildSettings = {
				ALWAYS_EMBED_SWIFT_STANDARD_LIBRARIES = YES;
				CODE_SIGN_STYLE = Automatic;
				INFOPLIST_FILE = ParstagramUITests/Info.plist;
				LD_RUNPATH_SEARCH_PATHS = (
					"$(inherited)",
					"@executable_path/Frameworks",
					"@loader_path/Frameworks",
				);
				PRODUCT_BUNDLE_IDENTIFIER = "humerahanif9-gmail.com.ParstagramUITests";
				PRODUCT_NAME = "$(TARGET_NAME)";
				SWIFT_VERSION = 4.2;
				TARGETED_DEVICE_FAMILY = "1,2";
				TEST_TARGET_NAME = Parstagram;
			};
			name = Debug;
		};
		AD4A84F7221A0A6C001DF1C5 /* Release */ = {
			isa = XCBuildConfiguration;
			baseConfigurationReference = 2A90270A477B53DCE4523DA3 /* Pods-ParstagramUITests.release.xcconfig */;
			buildSettings = {
				ALWAYS_EMBED_SWIFT_STANDARD_LIBRARIES = YES;
				CODE_SIGN_STYLE = Automatic;
				INFOPLIST_FILE = ParstagramUITests/Info.plist;
				LD_RUNPATH_SEARCH_PATHS = (
					"$(inherited)",
					"@executable_path/Frameworks",
					"@loader_path/Frameworks",
				);
				PRODUCT_BUNDLE_IDENTIFIER = "humerahanif9-gmail.com.ParstagramUITests";
				PRODUCT_NAME = "$(TARGET_NAME)";
				SWIFT_VERSION = 4.2;
				TARGETED_DEVICE_FAMILY = "1,2";
				TEST_TARGET_NAME = Parstagram;
			};
			name = Release;
		};
/* End XCBuildConfiguration section */

/* Begin XCConfigurationList section */
		AD4A84C2221A0A63001DF1C5 /* Build configuration list for PBXProject "Parstagram" */ = {
			isa = XCConfigurationList;
			buildConfigurations = (
				AD4A84ED221A0A6C001DF1C5 /* Debug */,
				AD4A84EE221A0A6C001DF1C5 /* Release */,
			);
			defaultConfigurationIsVisible = 0;
			defaultConfigurationName = Release;
		};
		AD4A84EF221A0A6C001DF1C5 /* Build configuration list for PBXNativeTarget "Parstagram" */ = {
			isa = XCConfigurationList;
			buildConfigurations = (
				AD4A84F0221A0A6C001DF1C5 /* Debug */,
				AD4A84F1221A0A6C001DF1C5 /* Release */,
			);
			defaultConfigurationIsVisible = 0;
			defaultConfigurationName = Release;
		};
		AD4A84F2221A0A6C001DF1C5 /* Build configuration list for PBXNativeTarget "ParstagramTests" */ = {
			isa = XCConfigurationList;
			buildConfigurations = (
				AD4A84F3221A0A6C001DF1C5 /* Debug */,
				AD4A84F4221A0A6C001DF1C5 /* Release */,
			);
			defaultConfigurationIsVisible = 0;
			defaultConfigurationName = Release;
		};
		AD4A84F5221A0A6C001DF1C5 /* Build configuration list for PBXNativeTarget "ParstagramUITests" */ = {
			isa = XCConfigurationList;
			buildConfigurations = (
				AD4A84F6221A0A6C001DF1C5 /* Debug */,
				AD4A84F7221A0A6C001DF1C5 /* Release */,
			);
			defaultConfigurationIsVisible = 0;
			defaultConfigurationName = Release;
		};
/* End XCConfigurationList section */
	};
	rootObject = AD4A84BF221A0A63001DF1C5 /* Project object */;
}
